// !$*UTF8*$!
{
	archiveVersion = 1;
	classes = {
	};
	objectVersion = 46;
	objects = {

/* Begin PBXBuildFile section */
		D08C43621B2B76D50064249B /* AppDelegate.swift in Sources */ = {isa = PBXBuildFile; fileRef = D08C43611B2B76D50064249B /* AppDelegate.swift */; };
		D08C43641B2B76D50064249B /* ViewController.swift in Sources */ = {isa = PBXBuildFile; fileRef = D08C43631B2B76D50064249B /* ViewController.swift */; };
		D08C43671B2B76D50064249B /* Main.storyboard in Resources */ = {isa = PBXBuildFile; fileRef = D08C43651B2B76D50064249B /* Main.storyboard */; };
		D08C43691B2B76D50064249B /* Images.xcassets in Resources */ = {isa = PBXBuildFile; fileRef = D08C43681B2B76D50064249B /* Images.xcassets */; };
		D08C436C1B2B76D50064249B /* LaunchScreen.xib in Resources */ = {isa = PBXBuildFile; fileRef = D08C436A1B2B76D50064249B /* LaunchScreen.xib */; };
		D08C43781B2B76D50064249B /* Slideout_Test.swift in Sources */ = {isa = PBXBuildFile; fileRef = D08C43771B2B76D50064249B /* Slideout_Test.swift */; };
		D08C43861B2B77F20064249B /* SWRevealViewController.m in Sources */ = {isa = PBXBuildFile; fileRef = D08C43851B2B77F20064249B /* SWRevealViewController.m */; };
		D08C43881B2B7A140064249B /* BackTableVC.swift in Sources */ = {isa = PBXBuildFile; fileRef = D08C43871B2B7A140064249B /* BackTableVC.swift */; };
/* End PBXBuildFile section */

/* Begin PBXContainerItemProxy section */
		D08C43721B2B76D50064249B /* PBXContainerItemProxy */ = {
			isa = PBXContainerItemProxy;
			containerPortal = D08C43541B2B76D50064249B /* Project object */;
			proxyType = 1;
			remoteGlobalIDString = D08C435B1B2B76D50064249B;
			remoteInfo = "RSVPify 2.0";
		};
/* End PBXContainerItemProxy section */

/* Begin PBXFileReference section */
		D08C435C1B2B76D50064249B /* RSVPify-2.0-mobileTests.app */ = {isa = PBXFileReference; explicitFileType = wrapper.application; includeInIndex = 0; path = "RSVPify-2.0-mobileTests.app"; sourceTree = BUILT_PRODUCTS_DIR; };
		D08C43601B2B76D50064249B /* Info.plist */ = {isa = PBXFileReference; lastKnownFileType = text.plist.xml; path = Info.plist; sourceTree = "<group>"; };
		D08C43611B2B76D50064249B /* AppDelegate.swift */ = {isa = PBXFileReference; lastKnownFileType = sourcecode.swift; path = AppDelegate.swift; sourceTree = "<group>"; };
		D08C43631B2B76D50064249B /* ViewController.swift */ = {isa = PBXFileReference; lastKnownFileType = sourcecode.swift; path = ViewController.swift; sourceTree = "<group>"; };
		D08C43661B2B76D50064249B /* Base */ = {isa = PBXFileReference; lastKnownFileType = file.storyboard; name = Base; path = Base.lproj/Main.storyboard; sourceTree = "<group>"; };
		D08C43681B2B76D50064249B /* Images.xcassets */ = {isa = PBXFileReference; lastKnownFileType = folder.assetcatalog; path = Images.xcassets; sourceTree = "<group>"; };
		D08C436B1B2B76D50064249B /* Base */ = {isa = PBXFileReference; lastKnownFileType = file.xib; name = Base; path = Base.lproj/LaunchScreen.xib; sourceTree = "<group>"; };
		D08C43711B2B76D50064249B /* RSVPify-2.0-mobileTestsTests.xctest */ = {isa = PBXFileReference; explicitFileType = wrapper.cfbundle; includeInIndex = 0; path = "RSVPify-2.0-mobileTestsTests.xctest"; sourceTree = BUILT_PRODUCTS_DIR; };
		D08C43761B2B76D50064249B /* Info.plist */ = {isa = PBXFileReference; lastKnownFileType = text.plist.xml; path = Info.plist; sourceTree = "<group>"; };
		D08C43771B2B76D50064249B /* Slideout_Test.swift */ = {isa = PBXFileReference; lastKnownFileType = sourcecode.swift; path = Slideout_Test.swift; sourceTree = "<group>"; };
		D08C43831B2B77F20064249B /* RSVPify 2.0-Bridging-Header.h */ = {isa = PBXFileReference; lastKnownFileType = sourcecode.c.h; path = "RSVPify 2.0-Bridging-Header.h"; sourceTree = "<group>"; };
		D08C43841B2B77F20064249B /* SWRevealViewController.h */ = {isa = PBXFileReference; fileEncoding = 4; lastKnownFileType = sourcecode.c.h; path = SWRevealViewController.h; sourceTree = "<group>"; };
		D08C43851B2B77F20064249B /* SWRevealViewController.m */ = {isa = PBXFileReference; fileEncoding = 4; lastKnownFileType = sourcecode.c.objc; path = SWRevealViewController.m; sourceTree = "<group>"; };
		D08C43871B2B7A140064249B /* BackTableVC.swift */ = {isa = PBXFileReference; fileEncoding = 4; lastKnownFileType = sourcecode.swift; path = BackTableVC.swift; sourceTree = "<group>"; };
/* End PBXFileReference section */

/* Begin PBXFrameworksBuildPhase section */
		D08C43591B2B76D50064249B /* Frameworks */ = {
			isa = PBXFrameworksBuildPhase;
			buildActionMask = 2147483647;
			files = (
			);
			runOnlyForDeploymentPostprocessing = 0;
		};
		D08C436E1B2B76D50064249B /* Frameworks */ = {
			isa = PBXFrameworksBuildPhase;
			buildActionMask = 2147483647;
			files = (
			);
			runOnlyForDeploymentPostprocessing = 0;
		};
/* End PBXFrameworksBuildPhase section */

/* Begin PBXGroup section */
		D08C43531B2B76D50064249B = {
			isa = PBXGroup;
			children = (
				D08C43871B2B7A140064249B /* BackTableVC.swift */,
				D08C435E1B2B76D50064249B /* Slideout */,
				D08C43741B2B76D50064249B /* RSVPify 2.0 */,
				D08C435D1B2B76D50064249B /* Products */,
			);
			sourceTree = "<group>";
		};
		D08C435D1B2B76D50064249B /* Products */ = {
			isa = PBXGroup;
			children = (
				D08C435C1B2B76D50064249B /* RSVPify-2.0-mobileTests.app */,
				D08C43711B2B76D50064249B /* RSVPify-2.0-mobileTestsTests.xctest */,
			);
			name = Products;
			sourceTree = "<group>";
		};
		D08C435E1B2B76D50064249B /* Slideout */ = {
			isa = PBXGroup;
			children = (
				D08C43611B2B76D50064249B /* AppDelegate.swift */,
				D08C43631B2B76D50064249B /* ViewController.swift */,
				D08C43651B2B76D50064249B /* Main.storyboard */,
				D08C43681B2B76D50064249B /* Images.xcassets */,
				D08C436A1B2B76D50064249B /* LaunchScreen.xib */,
				D08C435F1B2B76D50064249B /* Supporting Files */,
			);
			name = Slideout;
			path = "RSVPify 2.0";
			sourceTree = "<group>";
		};
		D08C435F1B2B76D50064249B /* Supporting Files */ = {
			isa = PBXGroup;
			children = (
				D08C43841B2B77F20064249B /* SWRevealViewController.h */,
				D08C43851B2B77F20064249B /* SWRevealViewController.m */,
				D08C43601B2B76D50064249B /* Info.plist */,
				D08C43831B2B77F20064249B /* RSVPify 2.0-Bridging-Header.h */,
			);
			name = "Supporting Files";
			sourceTree = "<group>";
		};
		D08C43741B2B76D50064249B /* RSVPify 2.0 */ = {
			isa = PBXGroup;
			children = (
				D08C43771B2B76D50064249B /* Slideout_Test.swift */,
				D08C43751B2B76D50064249B /* Supporting Files */,
			);
			name = "RSVPify 2.0";
			path = "RSVPify 2.0Tests";
			sourceTree = "<group>";
		};
		D08C43751B2B76D50064249B /* Supporting Files */ = {
			isa = PBXGroup;
			children = (
				D08C43761B2B76D50064249B /* Info.plist */,
			);
			name = "Supporting Files";
			sourceTree = "<group>";
		};
/* End PBXGroup section */

/* Begin PBXNativeTarget section */
		D08C435B1B2B76D50064249B /* RSVPify-2.0-mobile */ = {
			isa = PBXNativeTarget;
			buildConfigurationList = D08C437B1B2B76D50064249B /* Build configuration list for PBXNativeTarget "RSVPify-2.0-mobile" */;
			buildPhases = (
				D08C43581B2B76D50064249B /* Sources */,
				D08C43591B2B76D50064249B /* Frameworks */,
				D08C435A1B2B76D50064249B /* Resources */,
			);
			buildRules = (
			);
			dependencies = (
			);
			name = "RSVPify-2.0-mobile";
			productName = "RSVPify 2.0";
			productReference = D08C435C1B2B76D50064249B /* RSVPify-2.0-mobileTests.app */;
			productType = "com.apple.product-type.application";
		};
		D08C43701B2B76D50064249B /* RSVPify-2.0-mobileTestsTests */ = {
			isa = PBXNativeTarget;
			buildConfigurationList = D08C437E1B2B76D50064249B /* Build configuration list for PBXNativeTarget "RSVPify-2.0-mobileTestsTests" */;
			buildPhases = (
				D08C436D1B2B76D50064249B /* Sources */,
				D08C436E1B2B76D50064249B /* Frameworks */,
				D08C436F1B2B76D50064249B /* Resources */,
			);
			buildRules = (
			);
			dependencies = (
				D08C43731B2B76D50064249B /* PBXTargetDependency */,
			);
			name = "RSVPify-2.0-mobileTestsTests";
			productName = "RSVPify 2.0Tests";
			productReference = D08C43711B2B76D50064249B /* RSVPify-2.0-mobileTestsTests.xctest */;
			productType = "com.apple.product-type.bundle.unit-test";
		};
/* End PBXNativeTarget section */

/* Begin PBXProject section */
		D08C43541B2B76D50064249B /* Project object */ = {
			isa = PBXProject;
			attributes = {
				LastUpgradeCheck = 0630;
				ORGANIZATIONNAME = RSVPify;
				TargetAttributes = {
					D08C435B1B2B76D50064249B = {
						CreatedOnToolsVersion = 6.3.2;
					};
					D08C43701B2B76D50064249B = {
						CreatedOnToolsVersion = 6.3.2;
						TestTargetID = D08C435B1B2B76D50064249B;
					};
				};
			};
			buildConfigurationList = D08C43571B2B76D50064249B /* Build configuration list for PBXProject "RSVPify 2.0" */;
			compatibilityVersion = "Xcode 3.2";
			developmentRegion = English;
			hasScannedForEncodings = 0;
			knownRegions = (
				en,
				Base,
			);
			mainGroup = D08C43531B2B76D50064249B;
			productRefGroup = D08C435D1B2B76D50064249B /* Products */;
			projectDirPath = "";
			projectRoot = "";
			targets = (
				D08C435B1B2B76D50064249B /* RSVPify-2.0-mobile */,
				D08C43701B2B76D50064249B /* RSVPify-2.0-mobileTestsTests */,
			);
		};
/* End PBXProject section */

/* Begin PBXResourcesBuildPhase section */
		D08C435A1B2B76D50064249B /* Resources */ = {
			isa = PBXResourcesBuildPhase;
			buildActionMask = 2147483647;
			files = (
				D08C43671B2B76D50064249B /* Main.storyboard in Resources */,
				D08C436C1B2B76D50064249B /* LaunchScreen.xib in Resources */,
				D08C43691B2B76D50064249B /* Images.xcassets in Resources */,
			);
			runOnlyForDeploymentPostprocessing = 0;
		};
		D08C436F1B2B76D50064249B /* Resources */ = {
			isa = PBXResourcesBuildPhase;
			buildActionMask = 2147483647;
			files = (
			);
			runOnlyForDeploymentPostprocessing = 0;
		};
/* End PBXResourcesBuildPhase section */

/* Begin PBXSourcesBuildPhase section */
		D08C43581B2B76D50064249B /* Sources */ = {
			isa = PBXSourcesBuildPhase;
			buildActionMask = 2147483647;
			files = (
				D08C43641B2B76D50064249B /* ViewController.swift in Sources */,
				D08C43621B2B76D50064249B /* AppDelegate.swift in Sources */,
				D08C43881B2B7A140064249B /* BackTableVC.swift in Sources */,
				D08C43861B2B77F20064249B /* SWRevealViewController.m in Sources */,
			);
			runOnlyForDeploymentPostprocessing = 0;
		};
		D08C436D1B2B76D50064249B /* Sources */ = {
			isa = PBXSourcesBuildPhase;
			buildActionMask = 2147483647;
			files = (
				D08C43781B2B76D50064249B /* Slideout_Test.swift in Sources */,
			);
			runOnlyForDeploymentPostprocessing = 0;
		};
/* End PBXSourcesBuildPhase section */

/* Begin PBXTargetDependency section */
		D08C43731B2B76D50064249B /* PBXTargetDependency */ = {
			isa = PBXTargetDependency;
			target = D08C435B1B2B76D50064249B /* RSVPify-2.0-mobile */;
			targetProxy = D08C43721B2B76D50064249B /* PBXContainerItemProxy */;
		};
/* End PBXTargetDependency section */

/* Begin PBXVariantGroup section */
		D08C43651B2B76D50064249B /* Main.storyboard */ = {
			isa = PBXVariantGroup;
			children = (
				D08C43661B2B76D50064249B /* Base */,
			);
			name = Main.storyboard;
			sourceTree = "<group>";
		};
		D08C436A1B2B76D50064249B /* LaunchScreen.xib */ = {
			isa = PBXVariantGroup;
			children = (
				D08C436B1B2B76D50064249B /* Base */,
			);
			name = LaunchScreen.xib;
			sourceTree = "<group>";
		};
/* End PBXVariantGroup section */

/* Begin XCBuildConfiguration section */
		D08C43791B2B76D50064249B /* Debug */ = {
			isa = XCBuildConfiguration;
			buildSettings = {
				ALWAYS_SEARCH_USER_PATHS = NO;
				CLANG_CXX_LANGUAGE_STANDARD = "gnu++0x";
				CLANG_CXX_LIBRARY = "libc++";
				CLANG_ENABLE_MODULES = YES;
				CLANG_ENABLE_OBJC_ARC = YES;
				CLANG_WARN_BOOL_CONVERSION = YES;
				CLANG_WARN_CONSTANT_CONVERSION = YES;
				CLANG_WARN_DIRECT_OBJC_ISA_USAGE = YES_ERROR;
				CLANG_WARN_EMPTY_BODY = YES;
				CLANG_WARN_ENUM_CONVERSION = YES;
				CLANG_WARN_INT_CONVERSION = YES;
				CLANG_WARN_OBJC_ROOT_CLASS = YES_ERROR;
				CLANG_WARN_UNREACHABLE_CODE = YES;
				CLANG_WARN__DUPLICATE_METHOD_MATCH = YES;
				"CODE_SIGN_IDENTITY[sdk=iphoneos*]" = "iPhone Developer";
				COPY_PHASE_STRIP = NO;
				DEBUG_INFORMATION_FORMAT = "dwarf-with-dsym";
				ENABLE_STRICT_OBJC_MSGSEND = YES;
				GCC_C_LANGUAGE_STANDARD = gnu99;
				GCC_DYNAMIC_NO_PIC = NO;
				GCC_NO_COMMON_BLOCKS = YES;
				GCC_OPTIMIZATION_LEVEL = 0;
				GCC_PREPROCESSOR_DEFINITIONS = (
					"DEBUG=1",
					"$(inherited)",
				);
				GCC_SYMBOLS_PRIVATE_EXTERN = NO;
				GCC_WARN_64_TO_32_BIT_CONVERSION = YES;
				GCC_WARN_ABOUT_RETURN_TYPE = YES_ERROR;
				GCC_WARN_UNDECLARED_SELECTOR = YES;
				GCC_WARN_UNINITIALIZED_AUTOS = YES_AGGRESSIVE;
				GCC_WARN_UNUSED_FUNCTION = YES;
				GCC_WARN_UNUSED_VARIABLE = YES;
				IPHONEOS_DEPLOYMENT_TARGET = 8.3;
				MTL_ENABLE_DEBUG_INFO = YES;
				ONLY_ACTIVE_ARCH = YES;
				SDKROOT = iphoneos;
				SWIFT_OPTIMIZATION_LEVEL = "-Onone";
			};
			name = Debug;
		};
		D08C437A1B2B76D50064249B /* Release */ = {
			isa = XCBuildConfiguration;
			buildSettings = {
				ALWAYS_SEARCH_USER_PATHS = NO;
				CLANG_CXX_LANGUAGE_STANDARD = "gnu++0x";
				CLANG_CXX_LIBRARY = "libc++";
				CLANG_ENABLE_MODULES = YES;
				CLANG_ENABLE_OBJC_ARC = YES;
				CLANG_WARN_BOOL_CONVERSION = YES;
				CLANG_WARN_CONSTANT_CONVERSION = YES;
				CLANG_WARN_DIRECT_OBJC_ISA_USAGE = YES_ERROR;
				CLANG_WARN_EMPTY_BODY = YES;
				CLANG_WARN_ENUM_CONVERSION = YES;
				CLANG_WARN_INT_CONVERSION = YES;
				CLANG_WARN_OBJC_ROOT_CLASS = YES_ERROR;
				CLANG_WARN_UNREACHABLE_CODE = YES;
				CLANG_WARN__DUPLICATE_METHOD_MATCH = YES;
				"CODE_SIGN_IDENTITY[sdk=iphoneos*]" = "iPhone Developer";
				COPY_PHASE_STRIP = NO;
				DEBUG_INFORMATION_FORMAT = "dwarf-with-dsym";
				ENABLE_NS_ASSERTIONS = NO;
				ENABLE_STRICT_OBJC_MSGSEND = YES;
				GCC_C_LANGUAGE_STANDARD = gnu99;
				GCC_NO_COMMON_BLOCKS = YES;
				GCC_WARN_64_TO_32_BIT_CONVERSION = YES;
				GCC_WARN_ABOUT_RETURN_TYPE = YES_ERROR;
				GCC_WARN_UNDECLARED_SELECTOR = YES;
				GCC_WARN_UNINITIALIZED_AUTOS = YES_AGGRESSIVE;
				GCC_WARN_UNUSED_FUNCTION = YES;
				GCC_WARN_UNUSED_VARIABLE = YES;
				IPHONEOS_DEPLOYMENT_TARGET = 8.3;
				MTL_ENABLE_DEBUG_INFO = NO;
				SDKROOT = iphoneos;
				VALIDATE_PRODUCT = YES;
			};
			name = Release;
		};
		D08C437C1B2B76D50064249B /* Debug */ = {
			isa = XCBuildConfiguration;
			buildSettings = {
				ASSETCATALOG_COMPILER_APPICON_NAME = AppIcon;
				CLANG_ENABLE_MODULES = YES;
				INFOPLIST_FILE = "RSVPify 2.0/Info.plist";
				LD_RUNPATH_SEARCH_PATHS = "$(inherited) @executable_path/Frameworks";
				PRODUCT_NAME = "RSVPify-2.0-mobileTests";
				SWIFT_OBJC_BRIDGING_HEADER = "RSVPify 2.0/RSVPify 2.0-Bridging-Header.h";
				SWIFT_OPTIMIZATION_LEVEL = "-Onone";
			};
			name = Debug;
		};
		D08C437D1B2B76D50064249B /* Release */ = {
			isa = XCBuildConfiguration;
			buildSettings = {
				ASSETCATALOG_COMPILER_APPICON_NAME = AppIcon;
				CLANG_ENABLE_MODULES = YES;
				INFOPLIST_FILE = "RSVPify 2.0/Info.plist";
				LD_RUNPATH_SEARCH_PATHS = "$(inherited) @executable_path/Frameworks";
				PRODUCT_NAME = "RSVPify-2.0-mobileTests";
				SWIFT_OBJC_BRIDGING_HEADER = "RSVPify 2.0/RSVPify 2.0-Bridging-Header.h";
			};
			name = Release;
		};
		D08C437F1B2B76D50064249B /* Debug */ = {
			isa = XCBuildConfiguration;
			buildSettings = {
				BUNDLE_LOADER = "$(TEST_HOST)";
				FRAMEWORK_SEARCH_PATHS = (
					"$(SDKROOT)/Developer/Library/Frameworks",
					"$(inherited)",
				);
				GCC_PREPROCESSOR_DEFINITIONS = (
					"DEBUG=1",
					"$(inherited)",
				);
				INFOPLIST_FILE = "RSVPify 2.0Tests/Info.plist";
				LD_RUNPATH_SEARCH_PATHS = "$(inherited) @executable_path/Frameworks @loader_path/Frameworks";
				PRODUCT_NAME = "RSVPify-2.0-mobileTestsTests";
				TEST_HOST = "$(BUILT_PRODUCTS_DIR)/RSVPify 2.0.app/RSVPify 2.0";
			};
			name = Debug;
		};
		D08C43801B2B76D50064249B /* Release */ = {
			isa = XCBuildConfiguration;
			buildSettings = {
				BUNDLE_LOADER = "$(TEST_HOST)";
				FRAMEWORK_SEARCH_PATHS = (
					"$(SDKROOT)/Developer/Library/Frameworks",
					"$(inherited)",
				);
				INFOPLIST_FILE = "RSVPify 2.0Tests/Info.plist";
				LD_RUNPATH_SEARCH_PATHS = "$(inherited) @executable_path/Frameworks @loader_path/Frameworks";
				PRODUCT_NAME = "RSVPify-2.0-mobileTestsTests";
				TEST_HOST = "$(BUILT_PRODUCTS_DIR)/RSVPify 2.0.app/RSVPify 2.0";
			};
			name = Release;
		};
/* End XCBuildConfiguration section */

/* Begin XCConfigurationList section */
		D08C43571B2B76D50064249B /* Build configuration list for PBXProject "RSVPify 2.0" */ = {
			isa = XCConfigurationList;
			buildConfigurations = (
				D08C43791B2B76D50064249B /* Debug */,
				D08C437A1B2B76D50064249B /* Release */,
			);
			defaultConfigurationIsVisible = 0;
			defaultConfigurationName = Release;
		};
		D08C437B1B2B76D50064249B /* Build configuration list for PBXNativeTarget "RSVPify-2.0-mobile" */ = {
			isa = XCConfigurationList;
			buildConfigurations = (
				D08C437C1B2B76D50064249B /* Debug */,
				D08C437D1B2B76D50064249B /* Release */,
			);
			defaultConfigurationIsVisible = 0;
			defaultConfigurationName = Release;
		};
		D08C437E1B2B76D50064249B /* Build configuration list for PBXNativeTarget "RSVPify-2.0-mobileTestsTests" */ = {
			isa = XCConfigurationList;
			buildConfigurations = (
				D08C437F1B2B76D50064249B /* Debug */,
				D08C43801B2B76D50064249B /* Release */,
			);
			defaultConfigurationIsVisible = 0;
			defaultConfigurationName = Release;
		};
/* End XCConfigurationList section */
	};
	rootObject = D08C43541B2B76D50064249B /* Project object */;
}
